// !$*UTF8*$!
{
	archiveVersion = 1;
	classes = {
	};
	objectVersion = 56;
	objects = {

/* Begin PBXBuildFile section */
		75B522F52BA04A540024E3FC /* TableViewCell.xib in Resources */ = {isa = PBXBuildFile; fileRef = 75B522F22BA04A540024E3FC /* TableViewCell.xib */; };
		75B522F62BA04A540024E3FC /* TableViewController.swift in Sources */ = {isa = PBXBuildFile; fileRef = 75B522F32BA04A540024E3FC /* TableViewController.swift */; };
		75B522F72BA04A540024E3FC /* TableViewCell.swift in Sources */ = {isa = PBXBuildFile; fileRef = 75B522F42BA04A540024E3FC /* TableViewCell.swift */; };
		75C905742B96F04300F24353 /* AppDelegate.swift in Sources */ = {isa = PBXBuildFile; fileRef = 75C905732B96F04300F24353 /* AppDelegate.swift */; };
		75C905762B96F04300F24353 /* SceneDelegate.swift in Sources */ = {isa = PBXBuildFile; fileRef = 75C905752B96F04300F24353 /* SceneDelegate.swift */; };
		75C905782B96F04300F24353 /* ViewController.swift in Sources */ = {isa = PBXBuildFile; fileRef = 75C905772B96F04300F24353 /* ViewController.swift */; };
		75C9057B2B96F04300F24353 /* Main.storyboard in Resources */ = {isa = PBXBuildFile; fileRef = 75C905792B96F04300F24353 /* Main.storyboard */; };
		75C9057E2B96F04300F24353 /* NativeTraining.xcdatamodeld in Sources */ = {isa = PBXBuildFile; fileRef = 75C9057C2B96F04300F24353 /* NativeTraining.xcdatamodeld */; };
		75C905802B96F04400F24353 /* Assets.xcassets in Resources */ = {isa = PBXBuildFile; fileRef = 75C9057F2B96F04400F24353 /* Assets.xcassets */; };
		75C905832B96F04400F24353 /* LaunchScreen.storyboard in Resources */ = {isa = PBXBuildFile; fileRef = 75C905812B96F04400F24353 /* LaunchScreen.storyboard */; };
		75C9058E2B96F04400F24353 /* NativeTrainingTests.swift in Sources */ = {isa = PBXBuildFile; fileRef = 75C9058D2B96F04400F24353 /* NativeTrainingTests.swift */; };
		75C905982B96F04400F24353 /* NativeTrainingUITests.swift in Sources */ = {isa = PBXBuildFile; fileRef = 75C905972B96F04400F24353 /* NativeTrainingUITests.swift */; };
		75C9059A2B96F04400F24353 /* NativeTrainingUITestsLaunchTests.swift in Sources */ = {isa = PBXBuildFile; fileRef = 75C905992B96F04400F24353 /* NativeTrainingUITestsLaunchTests.swift */; };
/* End PBXBuildFile section */

/* Begin PBXContainerItemProxy section */
		75C9058A2B96F04400F24353 /* PBXContainerItemProxy */ = {
			isa = PBXContainerItemProxy;
			containerPortal = 75C905682B96F04300F24353 /* Project object */;
			proxyType = 1;
			remoteGlobalIDString = 75C9056F2B96F04300F24353;
			remoteInfo = NativeTraining;
		};
		75C905942B96F04400F24353 /* PBXContainerItemProxy */ = {
			isa = PBXContainerItemProxy;
			containerPortal = 75C905682B96F04300F24353 /* Project object */;
			proxyType = 1;
			remoteGlobalIDString = 75C9056F2B96F04300F24353;
			remoteInfo = NativeTraining;
		};
/* End PBXContainerItemProxy section */

/* Begin PBXFileReference section */
		75B522F22BA04A540024E3FC /* TableViewCell.xib */ = {isa = PBXFileReference; fileEncoding = 4; lastKnownFileType = file.xib; path = TableViewCell.xib; sourceTree = "<group>"; };
		75B522F32BA04A540024E3FC /* TableViewController.swift */ = {isa = PBXFileReference; fileEncoding = 4; lastKnownFileType = sourcecode.swift; path = TableViewController.swift; sourceTree = "<group>"; };
		75B522F42BA04A540024E3FC /* TableViewCell.swift */ = {isa = PBXFileReference; fileEncoding = 4; lastKnownFileType = sourcecode.swift; path = TableViewCell.swift; sourceTree = "<group>"; };
		75C905702B96F04300F24353 /* NativeTraining.app */ = {isa = PBXFileReference; explicitFileType = wrapper.application; includeInIndex = 0; path = NativeTraining.app; sourceTree = BUILT_PRODUCTS_DIR; };
		75C905732B96F04300F24353 /* AppDelegate.swift */ = {isa = PBXFileReference; lastKnownFileType = sourcecode.swift; path = AppDelegate.swift; sourceTree = "<group>"; };
		75C905752B96F04300F24353 /* SceneDelegate.swift */ = {isa = PBXFileReference; lastKnownFileType = sourcecode.swift; path = SceneDelegate.swift; sourceTree = "<group>"; };
		75C905772B96F04300F24353 /* ViewController.swift */ = {isa = PBXFileReference; lastKnownFileType = sourcecode.swift; path = ViewController.swift; sourceTree = "<group>"; };
		75C9057A2B96F04300F24353 /* Base */ = {isa = PBXFileReference; lastKnownFileType = file.storyboard; name = Base; path = Base.lproj/Main.storyboard; sourceTree = "<group>"; };
		75C9057D2B96F04300F24353 /* NativeTraining.xcdatamodel */ = {isa = PBXFileReference; lastKnownFileType = wrapper.xcdatamodel; path = NativeTraining.xcdatamodel; sourceTree = "<group>"; };
		75C9057F2B96F04400F24353 /* Assets.xcassets */ = {isa = PBXFileReference; lastKnownFileType = folder.assetcatalog; path = Assets.xcassets; sourceTree = "<group>"; };
		75C905822B96F04400F24353 /* Base */ = {isa = PBXFileReference; lastKnownFileType = file.storyboard; name = Base; path = Base.lproj/LaunchScreen.storyboard; sourceTree = "<group>"; };
		75C905842B96F04400F24353 /* Info.plist */ = {isa = PBXFileReference; lastKnownFileType = text.plist.xml; path = Info.plist; sourceTree = "<group>"; };
		75C905892B96F04400F24353 /* NativeTrainingTests.xctest */ = {isa = PBXFileReference; explicitFileType = wrapper.cfbundle; includeInIndex = 0; path = NativeTrainingTests.xctest; sourceTree = BUILT_PRODUCTS_DIR; };
		75C9058D2B96F04400F24353 /* NativeTrainingTests.swift */ = {isa = PBXFileReference; lastKnownFileType = sourcecode.swift; path = NativeTrainingTests.swift; sourceTree = "<group>"; };
		75C905932B96F04400F24353 /* NativeTrainingUITests.xctest */ = {isa = PBXFileReference; explicitFileType = wrapper.cfbundle; includeInIndex = 0; path = NativeTrainingUITests.xctest; sourceTree = BUILT_PRODUCTS_DIR; };
		75C905972B96F04400F24353 /* NativeTrainingUITests.swift */ = {isa = PBXFileReference; lastKnownFileType = sourcecode.swift; path = NativeTrainingUITests.swift; sourceTree = "<group>"; };
		75C905992B96F04400F24353 /* NativeTrainingUITestsLaunchTests.swift */ = {isa = PBXFileReference; lastKnownFileType = sourcecode.swift; path = NativeTrainingUITestsLaunchTests.swift; sourceTree = "<group>"; };
/* End PBXFileReference section */

/* Begin PBXFrameworksBuildPhase section */
		75C9056D2B96F04300F24353 /* Frameworks */ = {
			isa = PBXFrameworksBuildPhase;
			buildActionMask = 2147483647;
			files = (
			);
			runOnlyForDeploymentPostprocessing = 0;
		};
		75C905862B96F04400F24353 /* Frameworks */ = {
			isa = PBXFrameworksBuildPhase;
			buildActionMask = 2147483647;
			files = (
			);
			runOnlyForDeploymentPostprocessing = 0;
		};
		75C905902B96F04400F24353 /* Frameworks */ = {
			isa = PBXFrameworksBuildPhase;
			buildActionMask = 2147483647;
			files = (
			);
			runOnlyForDeploymentPostprocessing = 0;
		};
/* End PBXFrameworksBuildPhase section */

/* Begin PBXGroup section */
		75C905672B96F04300F24353 = {
			isa = PBXGroup;
			children = (
				75C905722B96F04300F24353 /* NativeTraining */,
				75C9058C2B96F04400F24353 /* NativeTrainingTests */,
				75C905962B96F04400F24353 /* NativeTrainingUITests */,
				75C905712B96F04300F24353 /* Products */,
			);
			sourceTree = "<group>";
		};
		75C905712B96F04300F24353 /* Products */ = {
			isa = PBXGroup;
			children = (
				75C905702B96F04300F24353 /* NativeTraining.app */,
				75C905892B96F04400F24353 /* NativeTrainingTests.xctest */,
				75C905932B96F04400F24353 /* NativeTrainingUITests.xctest */,
			);
			name = Products;
			sourceTree = "<group>";
		};
		75C905722B96F04300F24353 /* NativeTraining */ = {
			isa = PBXGroup;
			children = (
				75B522F42BA04A540024E3FC /* TableViewCell.swift */,
				75B522F22BA04A540024E3FC /* TableViewCell.xib */,
				75B522F32BA04A540024E3FC /* TableViewController.swift */,
				75C905732B96F04300F24353 /* AppDelegate.swift */,
				75C905752B96F04300F24353 /* SceneDelegate.swift */,
				75C905772B96F04300F24353 /* ViewController.swift */,
				75C905792B96F04300F24353 /* Main.storyboard */,
				75C9057F2B96F04400F24353 /* Assets.xcassets */,
				75C905812B96F04400F24353 /* LaunchScreen.storyboard */,
				75C905842B96F04400F24353 /* Info.plist */,
				75C9057C2B96F04300F24353 /* NativeTraining.xcdatamodeld */,
			);
			path = NativeTraining;
			sourceTree = "<group>";
		};
		75C9058C2B96F04400F24353 /* NativeTrainingTests */ = {
			isa = PBXGroup;
			children = (
				75C9058D2B96F04400F24353 /* NativeTrainingTests.swift */,
			);
			path = NativeTrainingTests;
			sourceTree = "<group>";
		};
		75C905962B96F04400F24353 /* NativeTrainingUITests */ = {
			isa = PBXGroup;
			children = (
				75C905972B96F04400F24353 /* NativeTrainingUITests.swift */,
				75C905992B96F04400F24353 /* NativeTrainingUITestsLaunchTests.swift */,
			);
			path = NativeTrainingUITests;
			sourceTree = "<group>";
		};
/* End PBXGroup section */

/* Begin PBXNativeTarget section */
		75C9056F2B96F04300F24353 /* NativeTraining */ = {
			isa = PBXNativeTarget;
			buildConfigurationList = 75C9059D2B96F04400F24353 /* Build configuration list for PBXNativeTarget "NativeTraining" */;
			buildPhases = (
				75C9056C2B96F04300F24353 /* Sources */,
				75C9056D2B96F04300F24353 /* Frameworks */,
				75C9056E2B96F04300F24353 /* Resources */,
			);
			buildRules = (
			);
			dependencies = (
			);
			name = NativeTraining;
			productName = NativeTraining;
			productReference = 75C905702B96F04300F24353 /* NativeTraining.app */;
			productType = "com.apple.product-type.application";
		};
		75C905882B96F04400F24353 /* NativeTrainingTests */ = {
			isa = PBXNativeTarget;
			buildConfigurationList = 75C905A02B96F04400F24353 /* Build configuration list for PBXNativeTarget "NativeTrainingTests" */;
			buildPhases = (
				75C905852B96F04400F24353 /* Sources */,
				75C905862B96F04400F24353 /* Frameworks */,
				75C905872B96F04400F24353 /* Resources */,
			);
			buildRules = (
			);
			dependencies = (
				75C9058B2B96F04400F24353 /* PBXTargetDependency */,
			);
			name = NativeTrainingTests;
			productName = NativeTrainingTests;
			productReference = 75C905892B96F04400F24353 /* NativeTrainingTests.xctest */;
			productType = "com.apple.product-type.bundle.unit-test";
		};
		75C905922B96F04400F24353 /* NativeTrainingUITests */ = {
			isa = PBXNativeTarget;
			buildConfigurationList = 75C905A32B96F04400F24353 /* Build configuration list for PBXNativeTarget "NativeTrainingUITests" */;
			buildPhases = (
				75C9058F2B96F04400F24353 /* Sources */,
				75C905902B96F04400F24353 /* Frameworks */,
				75C905912B96F04400F24353 /* Resources */,
			);
			buildRules = (
			);
			dependencies = (
				75C905952B96F04400F24353 /* PBXTargetDependency */,
			);
			name = NativeTrainingUITests;
			productName = NativeTrainingUITests;
			productReference = 75C905932B96F04400F24353 /* NativeTrainingUITests.xctest */;
			productType = "com.apple.product-type.bundle.ui-testing";
		};
/* End PBXNativeTarget section */

/* Begin PBXProject section */
		75C905682B96F04300F24353 /* Project object */ = {
			isa = PBXProject;
			attributes = {
				BuildIndependentTargetsInParallel = 1;
				LastSwiftUpdateCheck = 1420;
				LastUpgradeCheck = 1420;
				TargetAttributes = {
					75C9056F2B96F04300F24353 = {
						CreatedOnToolsVersion = 14.2;
					};
					75C905882B96F04400F24353 = {
						CreatedOnToolsVersion = 14.2;
						TestTargetID = 75C9056F2B96F04300F24353;
					};
					75C905922B96F04400F24353 = {
						CreatedOnToolsVersion = 14.2;
						TestTargetID = 75C9056F2B96F04300F24353;
					};
				};
			};
			buildConfigurationList = 75C9056B2B96F04300F24353 /* Build configuration list for PBXProject "NativeTraining" */;
			compatibilityVersion = "Xcode 14.0";
			developmentRegion = en;
			hasScannedForEncodings = 0;
			knownRegions = (
				en,
				Base,
			);
			mainGroup = 75C905672B96F04300F24353;
			productRefGroup = 75C905712B96F04300F24353 /* Products */;
			projectDirPath = "";
			projectRoot = "";
			targets = (
				75C9056F2B96F04300F24353 /* NativeTraining */,
				75C905882B96F04400F24353 /* NativeTrainingTests */,
				75C905922B96F04400F24353 /* NativeTrainingUITests */,
			);
		};
/* End PBXProject section */

/* Begin PBXResourcesBuildPhase section */
		75C9056E2B96F04300F24353 /* Resources */ = {
			isa = PBXResourcesBuildPhase;
			buildActionMask = 2147483647;
			files = (
				75C905832B96F04400F24353 /* LaunchScreen.storyboard in Resources */,
				75B522F52BA04A540024E3FC /* TableViewCell.xib in Resources */,
				75C905802B96F04400F24353 /* Assets.xcassets in Resources */,
				75C9057B2B96F04300F24353 /* Main.storyboard in Resources */,
			);
			runOnlyForDeploymentPostprocessing = 0;
		};
		75C905872B96F04400F24353 /* Resources */ = {
			isa = PBXResourcesBuildPhase;
			buildActionMask = 2147483647;
			files = (
			);
			runOnlyForDeploymentPostprocessing = 0;
		};
		75C905912B96F04400F24353 /* Resources */ = {
			isa = PBXResourcesBuildPhase;
			buildActionMask = 2147483647;
			files = (
			);
			runOnlyForDeploymentPostprocessing = 0;
		};
/* End PBXResourcesBuildPhase section */

/* Begin PBXSourcesBuildPhase section */
		75C9056C2B96F04300F24353 /* Sources */ = {
			isa = PBXSourcesBuildPhase;
			buildActionMask = 2147483647;
			files = (
				75C905782B96F04300F24353 /* ViewController.swift in Sources */,
				75C905742B96F04300F24353 /* AppDelegate.swift in Sources */,
				75C9057E2B96F04300F24353 /* NativeTraining.xcdatamodeld in Sources */,
				75B522F72BA04A540024E3FC /* TableViewCell.swift in Sources */,
				75B522F62BA04A540024E3FC /* TableViewController.swift in Sources */,
				75C905762B96F04300F24353 /* SceneDelegate.swift in Sources */,
			);
			runOnlyForDeploymentPostprocessing = 0;
		};
		75C905852B96F04400F24353 /* Sources */ = {
			isa = PBXSourcesBuildPhase;
			buildActionMask = 2147483647;
			files = (
				75C9058E2B96F04400F24353 /* NativeTrainingTests.swift in Sources */,
			);
			runOnlyForDeploymentPostprocessing = 0;
		};
		75C9058F2B96F04400F24353 /* Sources */ = {
			isa = PBXSourcesBuildPhase;
			buildActionMask = 2147483647;
			files = (
				75C905982B96F04400F24353 /* NativeTrainingUITests.swift in Sources */,
				75C9059A2B96F04400F24353 /* NativeTrainingUITestsLaunchTests.swift in Sources */,
			);
			runOnlyForDeploymentPostprocessing = 0;
		};
/* End PBXSourcesBuildPhase section */

/* Begin PBXTargetDependency section */
		75C9058B2B96F04400F24353 /* PBXTargetDependency */ = {
			isa = PBXTargetDependency;
			target = 75C9056F2B96F04300F24353 /* NativeTraining */;
			targetProxy = 75C9058A2B96F04400F24353 /* PBXContainerItemProxy */;
		};
		75C905952B96F04400F24353 /* PBXTargetDependency */ = {
			isa = PBXTargetDependency;
			target = 75C9056F2B96F04300F24353 /* NativeTraining */;
			targetProxy = 75C905942B96F04400F24353 /* PBXContainerItemProxy */;
		};
/* End PBXTargetDependency section */

/* Begin PBXVariantGroup section */
		75C905792B96F04300F24353 /* Main.storyboard */ = {
			isa = PBXVariantGroup;
			children = (
				75C9057A2B96F04300F24353 /* Base */,
			);
			name = Main.storyboard;
			sourceTree = "<group>";
		};
		75C905812B96F04400F24353 /* LaunchScreen.storyboard */ = {
			isa = PBXVariantGroup;
			children = (
				75C905822B96F04400F24353 /* Base */,
			);
			name = LaunchScreen.storyboard;
			sourceTree = "<group>";
		};
/* End PBXVariantGroup section */

/* Begin XCBuildConfiguration section */
		75C9059B2B96F04400F24353 /* Debug */ = {
			isa = XCBuildConfiguration;
			buildSettings = {
				ALWAYS_SEARCH_USER_PATHS = NO;
				CLANG_ANALYZER_NONNULL = YES;
				CLANG_ANALYZER_NUMBER_OBJECT_CONVERSION = YES_AGGRESSIVE;
				CLANG_CXX_LANGUAGE_STANDARD = "gnu++20";
				CLANG_ENABLE_MODULES = YES;
				CLANG_ENABLE_OBJC_ARC = YES;
				CLANG_ENABLE_OBJC_WEAK = YES;
				CLANG_WARN_BLOCK_CAPTURE_AUTORELEASING = YES;
				CLANG_WARN_BOOL_CONVERSION = YES;
				CLANG_WARN_COMMA = YES;
				CLANG_WARN_CONSTANT_CONVERSION = YES;
				CLANG_WARN_DEPRECATED_OBJC_IMPLEMENTATIONS = YES;
				CLANG_WARN_DIRECT_OBJC_ISA_USAGE = YES_ERROR;
				CLANG_WARN_DOCUMENTATION_COMMENTS = YES;
				CLANG_WARN_EMPTY_BODY = YES;
				CLANG_WARN_ENUM_CONVERSION = YES;
				CLANG_WARN_INFINITE_RECURSION = YES;
				CLANG_WARN_INT_CONVERSION = YES;
				CLANG_WARN_NON_LITERAL_NULL_CONVERSION = YES;
				CLANG_WARN_OBJC_IMPLICIT_RETAIN_SELF = YES;
				CLANG_WARN_OBJC_LITERAL_CONVERSION = YES;
				CLANG_WARN_OBJC_ROOT_CLASS = YES_ERROR;
				CLANG_WARN_QUOTED_INCLUDE_IN_FRAMEWORK_HEADER = YES;
				CLANG_WARN_RANGE_LOOP_ANALYSIS = YES;
				CLANG_WARN_STRICT_PROTOTYPES = YES;
				CLANG_WARN_SUSPICIOUS_MOVE = YES;
				CLANG_WARN_UNGUARDED_AVAILABILITY = YES_AGGRESSIVE;
				CLANG_WARN_UNREACHABLE_CODE = YES;
				CLANG_WARN__DUPLICATE_METHOD_MATCH = YES;
				COPY_PHASE_STRIP = NO;
				DEBUG_INFORMATION_FORMAT = dwarf;
				ENABLE_STRICT_OBJC_MSGSEND = YES;
				ENABLE_TESTABILITY = YES;
				GCC_C_LANGUAGE_STANDARD = gnu11;
				GCC_DYNAMIC_NO_PIC = NO;
				GCC_NO_COMMON_BLOCKS = YES;
				GCC_OPTIMIZATION_LEVEL = 0;
				GCC_PREPROCESSOR_DEFINITIONS = (
					"DEBUG=1",
					"$(inherited)",
				);
				GCC_WARN_64_TO_32_BIT_CONVERSION = YES;
				GCC_WARN_ABOUT_RETURN_TYPE = YES_ERROR;
				GCC_WARN_UNDECLARED_SELECTOR = YES;
				GCC_WARN_UNINITIALIZED_AUTOS = YES_AGGRESSIVE;
				GCC_WARN_UNUSED_FUNCTION = YES;
				GCC_WARN_UNUSED_VARIABLE = YES;
				IPHONEOS_DEPLOYMENT_TARGET = 16.2;
				MTL_ENABLE_DEBUG_INFO = INCLUDE_SOURCE;
				MTL_FAST_MATH = YES;
				ONLY_ACTIVE_ARCH = YES;
				SDKROOT = iphoneos;
				SWIFT_ACTIVE_COMPILATION_CONDITIONS = DEBUG;
				SWIFT_OPTIMIZATION_LEVEL = "-Onone";
			};
			name = Debug;
		};
		75C9059C2B96F04400F24353 /* Release */ = {
			isa = XCBuildConfiguration;
			buildSettings = {
				ALWAYS_SEARCH_USER_PATHS = NO;
				CLANG_ANALYZER_NONNULL = YES;
				CLANG_ANALYZER_NUMBER_OBJECT_CONVERSION = YES_AGGRESSIVE;
				CLANG_CXX_LANGUAGE_STANDARD = "gnu++20";
				CLANG_ENABLE_MODULES = YES;
				CLANG_ENABLE_OBJC_ARC = YES;
				CLANG_ENABLE_OBJC_WEAK = YES;
				CLANG_WARN_BLOCK_CAPTURE_AUTORELEASING = YES;
				CLANG_WARN_BOOL_CONVERSION = YES;
				CLANG_WARN_COMMA = YES;
				CLANG_WARN_CONSTANT_CONVERSION = YES;
				CLANG_WARN_DEPRECATED_OBJC_IMPLEMENTATIONS = YES;
				CLANG_WARN_DIRECT_OBJC_ISA_USAGE = YES_ERROR;
				CLANG_WARN_DOCUMENTATION_COMMENTS = YES;
				CLANG_WARN_EMPTY_BODY = YES;
				CLANG_WARN_ENUM_CONVERSION = YES;
				CLANG_WARN_INFINITE_RECURSION = YES;
				CLANG_WARN_INT_CONVERSION = YES;
				CLANG_WARN_NON_LITERAL_NULL_CONVERSION = YES;
				CLANG_WARN_OBJC_IMPLICIT_RETAIN_SELF = YES;
				CLANG_WARN_OBJC_LITERAL_CONVERSION = YES;
				CLANG_WARN_OBJC_ROOT_CLASS = YES_ERROR;
				CLANG_WARN_QUOTED_INCLUDE_IN_FRAMEWORK_HEADER = YES;
				CLANG_WARN_RANGE_LOOP_ANALYSIS = YES;
				CLANG_WARN_STRICT_PROTOTYPES = YES;
				CLANG_WARN_SUSPICIOUS_MOVE = YES;
				CLANG_WARN_UNGUARDED_AVAILABILITY = YES_AGGRESSIVE;
				CLANG_WARN_UNREACHABLE_CODE = YES;
				CLANG_WARN__DUPLICATE_METHOD_MATCH = YES;
				COPY_PHASE_STRIP = NO;
				DEBUG_INFORMATION_FORMAT = "dwarf-with-dsym";
				ENABLE_NS_ASSERTIONS = NO;
				ENABLE_STRICT_OBJC_MSGSEND = YES;
				GCC_C_LANGUAGE_STANDARD = gnu11;
				GCC_NO_COMMON_BLOCKS = YES;
				GCC_WARN_64_TO_32_BIT_CONVERSION = YES;
				GCC_WARN_ABOUT_RETURN_TYPE = YES_ERROR;
				GCC_WARN_UNDECLARED_SELECTOR = YES;
				GCC_WARN_UNINITIALIZED_AUTOS = YES_AGGRESSIVE;
				GCC_WARN_UNUSED_FUNCTION = YES;
				GCC_WARN_UNUSED_VARIABLE = YES;
				IPHONEOS_DEPLOYMENT_TARGET = 16.2;
				MTL_ENABLE_DEBUG_INFO = NO;
				MTL_FAST_MATH = YES;
				SDKROOT = iphoneos;
				SWIFT_COMPILATION_MODE = wholemodule;
				SWIFT_OPTIMIZATION_LEVEL = "-O";
				VALIDATE_PRODUCT = YES;
			};
			name = Release;
		};
		75C9059E2B96F04400F24353 /* Debug */ = {
			isa = XCBuildConfiguration;
			buildSettings = {
				ASSETCATALOG_COMPILER_APPICON_NAME = AppIcon;
				ASSETCATALOG_COMPILER_GLOBAL_ACCENT_COLOR_NAME = AccentColor;
				CODE_SIGN_STYLE = Automatic;
				CURRENT_PROJECT_VERSION = 1;
				GENERATE_INFOPLIST_FILE = YES;
				INFOPLIST_FILE = NativeTraining/Info.plist;
				INFOPLIST_KEY_UIApplicationSupportsIndirectInputEvents = YES;
				INFOPLIST_KEY_UILaunchStoryboardName = LaunchScreen;
				INFOPLIST_KEY_UIMainStoryboardFile = Main;
				INFOPLIST_KEY_UISupportedInterfaceOrientations_iPad = "UIInterfaceOrientationPortrait UIInterfaceOrientationPortraitUpsideDown UIInterfaceOrientationLandscapeLeft UIInterfaceOrientationLandscapeRight";
				INFOPLIST_KEY_UISupportedInterfaceOrientations_iPhone = "UIInterfaceOrientationPortrait UIInterfaceOrientationLandscapeLeft UIInterfaceOrientationLandscapeRight";
				LD_RUNPATH_SEARCH_PATHS = (
					"$(inherited)",
					"@executable_path/Frameworks",
				);
				MARKETING_VERSION = 1.0;
				PRODUCT_BUNDLE_IDENTIFIER = com.dnkinno.NativeTraining;
				PRODUCT_NAME = "$(TARGET_NAME)";
				SWIFT_EMIT_LOC_STRINGS = YES;
				SWIFT_VERSION = 5.0;
				TARGETED_DEVICE_FAMILY = "1,2";
			};
			name = Debug;
		};
		75C9059F2B96F04400F24353 /* Release */ = {
			isa = XCBuildConfiguration;
			buildSettings = {
				ASSETCATALOG_COMPILER_APPICON_NAME = AppIcon;
				ASSETCATALOG_COMPILER_GLOBAL_ACCENT_COLOR_NAME = AccentColor;
				CODE_SIGN_STYLE = Automatic;
				CURRENT_PROJECT_VERSION = 1;
				GENERATE_INFOPLIST_FILE = YES;
				INFOPLIST_FILE = NativeTraining/Info.plist;
				INFOPLIST_KEY_UIApplicationSupportsIndirectInputEvents = YES;
				INFOPLIST_KEY_UILaunchStoryboardName = LaunchScreen;
				INFOPLIST_KEY_UIMainStoryboardFile = Main;
				INFOPLIST_KEY_UISupportedInterfaceOrientations_iPad = "UIInterfaceOrientationPortrait UIInterfaceOrientationPortraitUpsideDown UIInterfaceOrientationLandscapeLeft UIInterfaceOrientationLandscapeRight";
				INFOPLIST_KEY_UISupportedInterfaceOrientations_iPhone = "UIInterfaceOrientationPortrait UIInterfaceOrientationLandscapeLeft UIInterfaceOrientationLandscapeRight";
				LD_RUNPATH_SEARCH_PATHS = (
					"$(inherited)",
					"@executable_path/Frameworks",
				);
				MARKETING_VERSION = 1.0;
				PRODUCT_BUNDLE_IDENTIFIER = com.dnkinno.NativeTraining;
				PRODUCT_NAME = "$(TARGET_NAME)";
				SWIFT_EMIT_LOC_STRINGS = YES;
				SWIFT_VERSION = 5.0;
				TARGETED_DEVICE_FAMILY = "1,2";
			};
			name = Release;
		};
		75C905A12B96F04400F24353 /* Debug */ = {
			isa = XCBuildConfiguration;
			buildSettings = {
				ALWAYS_EMBED_SWIFT_STANDARD_LIBRARIES = YES;
				BUNDLE_LOADER = "$(TEST_HOST)";
				CODE_SIGN_STYLE = Automatic;
				CURRENT_PROJECT_VERSION = 1;
				GENERATE_INFOPLIST_FILE = YES;
				IPHONEOS_DEPLOYMENT_TARGET = 16.2;
				MARKETING_VERSION = 1.0;
				PRODUCT_BUNDLE_IDENTIFIER = com.dnkinno.NativeTrainingTests;
				PRODUCT_NAME = "$(TARGET_NAME)";
				SWIFT_EMIT_LOC_STRINGS = NO;
				SWIFT_VERSION = 5.0;
				TARGETED_DEVICE_FAMILY = "1,2";
				TEST_HOST = "$(BUILT_PRODUCTS_DIR)/NativeTraining.app/$(BUNDLE_EXECUTABLE_FOLDER_PATH)/NativeTraining";
			};
			name = Debug;
		};
		75C905A22B96F04400F24353 /* Release */ = {
			isa = XCBuildConfiguration;
			buildSettings = {
				ALWAYS_EMBED_SWIFT_STANDARD_LIBRARIES = YES;
				BUNDLE_LOADER = "$(TEST_HOST)";
				CODE_SIGN_STYLE = Automatic;
				CURRENT_PROJECT_VERSION = 1;
				GENERATE_INFOPLIST_FILE = YES;
				IPHONEOS_DEPLOYMENT_TARGET = 16.2;
				MARKETING_VERSION = 1.0;
				PRODUCT_BUNDLE_IDENTIFIER = com.dnkinno.NativeTrainingTests;
				PRODUCT_NAME = "$(TARGET_NAME)";
				SWIFT_EMIT_LOC_STRINGS = NO;
				SWIFT_VERSION = 5.0;
				TARGETED_DEVICE_FAMILY = "1,2";
				TEST_HOST = "$(BUILT_PRODUCTS_DIR)/NativeTraining.app/$(BUNDLE_EXECUTABLE_FOLDER_PATH)/NativeTraining";
			};
			name = Release;
		};
		75C905A42B96F04400F24353 /* Debug */ = {
			isa = XCBuildConfiguration;
			buildSettings = {
				ALWAYS_EMBED_SWIFT_STANDARD_LIBRARIES = YES;
				CODE_SIGN_STYLE = Automatic;
				CURRENT_PROJECT_VERSION = 1;
				GENERATE_INFOPLIST_FILE = YES;
				MARKETING_VERSION = 1.0;
				PRODUCT_BUNDLE_IDENTIFIER = com.dnkinno.NativeTrainingUITests;
				PRODUCT_NAME = "$(TARGET_NAME)";
				SWIFT_EMIT_LOC_STRINGS = NO;
				SWIFT_VERSION = 5.0;
				TARGETED_DEVICE_FAMILY = "1,2";
				TEST_TARGET_NAME = NativeTraining;
			};
			name = Debug;
		};
		75C905A52B96F04400F24353 /* Release */ = {
			isa = XCBuildConfiguration;
			buildSettings = {
				ALWAYS_EMBED_SWIFT_STANDARD_LIBRARIES = YES;
				CODE_SIGN_STYLE = Automatic;
				CURRENT_PROJECT_VERSION = 1;
				GENERATE_INFOPLIST_FILE = YES;
				MARKETING_VERSION = 1.0;
				PRODUCT_BUNDLE_IDENTIFIER = com.dnkinno.NativeTrainingUITests;
				PRODUCT_NAME = "$(TARGET_NAME)";
				SWIFT_EMIT_LOC_STRINGS = NO;
				SWIFT_VERSION = 5.0;
				TARGETED_DEVICE_FAMILY = "1,2";
				TEST_TARGET_NAME = NativeTraining;
			};
			name = Release;
		};
/* End XCBuildConfiguration section */

/* Begin XCConfigurationList section */
		75C9056B2B96F04300F24353 /* Build configuration list for PBXProject "NativeTraining" */ = {
			isa = XCConfigurationList;
			buildConfigurations = (
				75C9059B2B96F04400F24353 /* Debug */,
				75C9059C2B96F04400F24353 /* Release */,
			);
			defaultConfigurationIsVisible = 0;
			defaultConfigurationName = Release;
		};
		75C9059D2B96F04400F24353 /* Build configuration list for PBXNativeTarget "NativeTraining" */ = {
			isa = XCConfigurationList;
			buildConfigurations = (
				75C9059E2B96F04400F24353 /* Debug */,
				75C9059F2B96F04400F24353 /* Release */,
			);
			defaultConfigurationIsVisible = 0;
			defaultConfigurationName = Release;
		};
		75C905A02B96F04400F24353 /* Build configuration list for PBXNativeTarget "NativeTrainingTests" */ = {
			isa = XCConfigurationList;
			buildConfigurations = (
				75C905A12B96F04400F24353 /* Debug */,
				75C905A22B96F04400F24353 /* Release */,
			);
			defaultConfigurationIsVisible = 0;
			defaultConfigurationName = Release;
		};
		75C905A32B96F04400F24353 /* Build configuration list for PBXNativeTarget "NativeTrainingUITests" */ = {
			isa = XCConfigurationList;
			buildConfigurations = (
				75C905A42B96F04400F24353 /* Debug */,
				75C905A52B96F04400F24353 /* Release */,
			);
			defaultConfigurationIsVisible = 0;
			defaultConfigurationName = Release;
		};
/* End XCConfigurationList section */

/* Begin XCVersionGroup section */
		75C9057C2B96F04300F24353 /* NativeTraining.xcdatamodeld */ = {
			isa = XCVersionGroup;
			children = (
				75C9057D2B96F04300F24353 /* NativeTraining.xcdatamodel */,
			);
			currentVersion = 75C9057D2B96F04300F24353 /* NativeTraining.xcdatamodel */;
			path = NativeTraining.xcdatamodeld;
			sourceTree = "<group>";
			versionGroupType = wrapper.xcdatamodel;
		};
/* End XCVersionGroup section */
	};
	rootObject = 75C905682B96F04300F24353 /* Project object */;
}
