// !$*UTF8*$!
{
	archiveVersion = 1;
	classes = {
	};
	objectVersion = 56;
	objects = {

/* Begin PBXBuildFile section */
		75C905742B96F04300F24353 /* AppDelegate.swift in Sources */ = {isa = PBXBuildFile; fileRef = 75C905732B96F04300F24353 /* AppDelegate.swift */; };
		75C905762B96F04300F24353 /* SceneDelegate.swift in Sources */ = {isa = PBXBuildFile; fileRef = 75C905752B96F04300F24353 /* SceneDelegate.swift */; };
		75C905782B96F04300F24353 /* ViewController.swift in Sources */ = {isa = PBXBuildFile; fileRef = 75C905772B96F04300F24353 /* ViewController.swift */; };
		75C9057B2B96F04300F24353 /* Main.storyboard in Resources */ = {isa = PBXBuildFile; fileRef = 75C905792B96F04300F24353 /* Main.storyboard */; };
		75C9057E2B96F04300F24353 /* NativeTraining.xcdatamodeld in Sources */ = {isa = PBXBuildFile; fileRef = 75C9057C2B96F04300F24353 /* NativeTraining.xcdatamodeld */; };
		75C905802B96F04400F24353 /* Assets.xcassets in Resources */ = {isa = PBXBuildFile; fileRef = 75C9057F2B96F04400F24353 /* Assets.xcassets */; };
		75C905832B96F04400F24353 /* LaunchScreen.storyboard in Resources */ = {isa = PBXBuildFile; fileRef = 75C905812B96F04400F24353 /* LaunchScreen.storyboard */; };
		75C9058E2B96F04400F24353 /* NativeTrainingTests.swift in Sources */ = {isa = PBXBuildFile; fileRef = 75C9058D2B96F04400F24353 /* NativeTrainingTests.swift */; };
		75C905982B96F04400F24353 /* NativeTrainingUITests.swift in Sources */ = {isa = PBXBuildFile; fileRef = 75C905972B96F04400F24353 /* NativeTrainingUITests.swift */; };
		75C9059A2B96F04400F24353 /* NativeTrainingUITestsLaunchTests.swift in Sources */ = {isa = PBXBuildFile; fileRef = 75C905992B96F04400F24353 /* NativeTrainingUITestsLaunchTests.swift */; };
		9CE943DA5CA9056EF308001A /* Pods_NativeTrainingTests.framework in Frameworks */ = {isa = PBXBuildFile; fileRef = 556B3DA3F6B9444C9EA4F169 /* Pods_NativeTrainingTests.framework */; };
		DBC5DA1FCEB42B1D251020E5 /* Pods_NativeTraining_NativeTrainingUITests.framework in Frameworks */ = {isa = PBXBuildFile; fileRef = B8ADE55DE00888AC75688559 /* Pods_NativeTraining_NativeTrainingUITests.framework */; };
		E1CD07AC2BA2DB1D00169E9C /* PersonViewCell.swift in Sources */ = {isa = PBXBuildFile; fileRef = E1CD07A42BA2DB1D00169E9C /* PersonViewCell.swift */; };
		E1CD07AD2BA2DB1D00169E9C /* Popup.xib in Resources */ = {isa = PBXBuildFile; fileRef = E1CD07A52BA2DB1D00169E9C /* Popup.xib */; };
		E1CD07AE2BA2DB1D00169E9C /* Popup.swift in Sources */ = {isa = PBXBuildFile; fileRef = E1CD07A62BA2DB1D00169E9C /* Popup.swift */; };
		E1CD07AF2BA2DB1D00169E9C /* PersonViewCell.xib in Resources */ = {isa = PBXBuildFile; fileRef = E1CD07A72BA2DB1D00169E9C /* PersonViewCell.xib */; };
		E1CD07B02BA2DB1D00169E9C /* ProjectTableViewCell.xib in Resources */ = {isa = PBXBuildFile; fileRef = E1CD07A82BA2DB1D00169E9C /* ProjectTableViewCell.xib */; };
		E1CD07B12BA2DB1D00169E9C /* ProjectTableViewCell.swift in Sources */ = {isa = PBXBuildFile; fileRef = E1CD07A92BA2DB1D00169E9C /* ProjectTableViewCell.swift */; };
		E1CD07B22BA2DB1D00169E9C /* SecondViewViewController.swift in Sources */ = {isa = PBXBuildFile; fileRef = E1CD07AA2BA2DB1D00169E9C /* SecondViewViewController.swift */; };
		E1CD07B32BA2DB1D00169E9C /* SomeThing.swift in Sources */ = {isa = PBXBuildFile; fileRef = E1CD07AB2BA2DB1D00169E9C /* SomeThing.swift */; };
		E1CD07B62BA2DB5F00169E9C /* CustomHeader.xib in Resources */ = {isa = PBXBuildFile; fileRef = E1CD07B42BA2DB5F00169E9C /* CustomHeader.xib */; };
		E1CD07B72BA2DB5F00169E9C /* CustomHeader.swift in Sources */ = {isa = PBXBuildFile; fileRef = E1CD07B52BA2DB5F00169E9C /* CustomHeader.swift */; };
		ECE3BE748D3F2630D614B4B8 /* Pods_NativeTraining.framework in Frameworks */ = {isa = PBXBuildFile; fileRef = 4AF8F5CA8FADA47878402B35 /* Pods_NativeTraining.framework */; };
/* End PBXBuildFile section */

/* Begin PBXContainerItemProxy section */
		75C9058A2B96F04400F24353 /* PBXContainerItemProxy */ = {
			isa = PBXContainerItemProxy;
			containerPortal = 75C905682B96F04300F24353 /* Project object */;
			proxyType = 1;
			remoteGlobalIDString = 75C9056F2B96F04300F24353;
			remoteInfo = NativeTraining;
		};
		75C905942B96F04400F24353 /* PBXContainerItemProxy */ = {
			isa = PBXContainerItemProxy;
			containerPortal = 75C905682B96F04300F24353 /* Project object */;
			proxyType = 1;
			remoteGlobalIDString = 75C9056F2B96F04300F24353;
			remoteInfo = NativeTraining;
		};
/* End PBXContainerItemProxy section */

/* Begin PBXFileReference section */
		0AFE1D1F1BF73AE8B0F175E2 /* Pods-NativeTraining.debug.xcconfig */ = {isa = PBXFileReference; includeInIndex = 1; lastKnownFileType = text.xcconfig; name = "Pods-NativeTraining.debug.xcconfig"; path = "Target Support Files/Pods-NativeTraining/Pods-NativeTraining.debug.xcconfig"; sourceTree = "<group>"; };
		0B5778622DA4E999627B2D4D /* Pods-NativeTraining.release.xcconfig */ = {isa = PBXFileReference; includeInIndex = 1; lastKnownFileType = text.xcconfig; name = "Pods-NativeTraining.release.xcconfig"; path = "Target Support Files/Pods-NativeTraining/Pods-NativeTraining.release.xcconfig"; sourceTree = "<group>"; };
		232A3214E9557AC775FFFFF6 /* Pods-NativeTrainingTests.release.xcconfig */ = {isa = PBXFileReference; includeInIndex = 1; lastKnownFileType = text.xcconfig; name = "Pods-NativeTrainingTests.release.xcconfig"; path = "Target Support Files/Pods-NativeTrainingTests/Pods-NativeTrainingTests.release.xcconfig"; sourceTree = "<group>"; };
		489F6D4F7861868F9662B835 /* Pods-NativeTraining-NativeTrainingUITests.release.xcconfig */ = {isa = PBXFileReference; includeInIndex = 1; lastKnownFileType = text.xcconfig; name = "Pods-NativeTraining-NativeTrainingUITests.release.xcconfig"; path = "Target Support Files/Pods-NativeTraining-NativeTrainingUITests/Pods-NativeTraining-NativeTrainingUITests.release.xcconfig"; sourceTree = "<group>"; };
		4AF8F5CA8FADA47878402B35 /* Pods_NativeTraining.framework */ = {isa = PBXFileReference; explicitFileType = wrapper.framework; includeInIndex = 0; path = Pods_NativeTraining.framework; sourceTree = BUILT_PRODUCTS_DIR; };
		4CCACB6DB22BBB67299858C3 /* Pods-NativeTraining-NativeTrainingUITests.debug.xcconfig */ = {isa = PBXFileReference; includeInIndex = 1; lastKnownFileType = text.xcconfig; name = "Pods-NativeTraining-NativeTrainingUITests.debug.xcconfig"; path = "Target Support Files/Pods-NativeTraining-NativeTrainingUITests/Pods-NativeTraining-NativeTrainingUITests.debug.xcconfig"; sourceTree = "<group>"; };
		556B3DA3F6B9444C9EA4F169 /* Pods_NativeTrainingTests.framework */ = {isa = PBXFileReference; explicitFileType = wrapper.framework; includeInIndex = 0; path = Pods_NativeTrainingTests.framework; sourceTree = BUILT_PRODUCTS_DIR; };
		75C905702B96F04300F24353 /* NativeTraining.app */ = {isa = PBXFileReference; explicitFileType = wrapper.application; includeInIndex = 0; path = NativeTraining.app; sourceTree = BUILT_PRODUCTS_DIR; };
		75C905732B96F04300F24353 /* AppDelegate.swift */ = {isa = PBXFileReference; lastKnownFileType = sourcecode.swift; path = AppDelegate.swift; sourceTree = "<group>"; };
		75C905752B96F04300F24353 /* SceneDelegate.swift */ = {isa = PBXFileReference; lastKnownFileType = sourcecode.swift; path = SceneDelegate.swift; sourceTree = "<group>"; };
		75C905772B96F04300F24353 /* ViewController.swift */ = {isa = PBXFileReference; lastKnownFileType = sourcecode.swift; path = ViewController.swift; sourceTree = "<group>"; };
		75C9057A2B96F04300F24353 /* Base */ = {isa = PBXFileReference; lastKnownFileType = file.storyboard; name = Base; path = Base.lproj/Main.storyboard; sourceTree = "<group>"; };
		75C9057D2B96F04300F24353 /* NativeTraining.xcdatamodel */ = {isa = PBXFileReference; lastKnownFileType = wrapper.xcdatamodel; path = NativeTraining.xcdatamodel; sourceTree = "<group>"; };
		75C9057F2B96F04400F24353 /* Assets.xcassets */ = {isa = PBXFileReference; lastKnownFileType = folder.assetcatalog; path = Assets.xcassets; sourceTree = "<group>"; };
		75C905822B96F04400F24353 /* Base */ = {isa = PBXFileReference; lastKnownFileType = file.storyboard; name = Base; path = Base.lproj/LaunchScreen.storyboard; sourceTree = "<group>"; };
		75C905842B96F04400F24353 /* Info.plist */ = {isa = PBXFileReference; lastKnownFileType = text.plist.xml; path = Info.plist; sourceTree = "<group>"; };
		75C905892B96F04400F24353 /* NativeTrainingTests.xctest */ = {isa = PBXFileReference; explicitFileType = wrapper.cfbundle; includeInIndex = 0; path = NativeTrainingTests.xctest; sourceTree = BUILT_PRODUCTS_DIR; };
		75C9058D2B96F04400F24353 /* NativeTrainingTests.swift */ = {isa = PBXFileReference; lastKnownFileType = sourcecode.swift; path = NativeTrainingTests.swift; sourceTree = "<group>"; };
		75C905932B96F04400F24353 /* NativeTrainingUITests.xctest */ = {isa = PBXFileReference; explicitFileType = wrapper.cfbundle; includeInIndex = 0; path = NativeTrainingUITests.xctest; sourceTree = BUILT_PRODUCTS_DIR; };
		75C905972B96F04400F24353 /* NativeTrainingUITests.swift */ = {isa = PBXFileReference; lastKnownFileType = sourcecode.swift; path = NativeTrainingUITests.swift; sourceTree = "<group>"; };
		75C905992B96F04400F24353 /* NativeTrainingUITestsLaunchTests.swift */ = {isa = PBXFileReference; lastKnownFileType = sourcecode.swift; path = NativeTrainingUITestsLaunchTests.swift; sourceTree = "<group>"; };
		B8ADE55DE00888AC75688559 /* Pods_NativeTraining_NativeTrainingUITests.framework */ = {isa = PBXFileReference; explicitFileType = wrapper.framework; includeInIndex = 0; path = Pods_NativeTraining_NativeTrainingUITests.framework; sourceTree = BUILT_PRODUCTS_DIR; };
		E1CD07A42BA2DB1D00169E9C /* PersonViewCell.swift */ = {isa = PBXFileReference; fileEncoding = 4; lastKnownFileType = sourcecode.swift; path = PersonViewCell.swift; sourceTree = "<group>"; };
		E1CD07A52BA2DB1D00169E9C /* Popup.xib */ = {isa = PBXFileReference; fileEncoding = 4; lastKnownFileType = file.xib; path = Popup.xib; sourceTree = "<group>"; };
		E1CD07A62BA2DB1D00169E9C /* Popup.swift */ = {isa = PBXFileReference; fileEncoding = 4; lastKnownFileType = sourcecode.swift; path = Popup.swift; sourceTree = "<group>"; };
		E1CD07A72BA2DB1D00169E9C /* PersonViewCell.xib */ = {isa = PBXFileReference; fileEncoding = 4; lastKnownFileType = file.xib; path = PersonViewCell.xib; sourceTree = "<group>"; };
		E1CD07A82BA2DB1D00169E9C /* ProjectTableViewCell.xib */ = {isa = PBXFileReference; fileEncoding = 4; lastKnownFileType = file.xib; path = ProjectTableViewCell.xib; sourceTree = "<group>"; };
		E1CD07A92BA2DB1D00169E9C /* ProjectTableViewCell.swift */ = {isa = PBXFileReference; fileEncoding = 4; lastKnownFileType = sourcecode.swift; path = ProjectTableViewCell.swift; sourceTree = "<group>"; };
		E1CD07AA2BA2DB1D00169E9C /* SecondViewViewController.swift */ = {isa = PBXFileReference; fileEncoding = 4; lastKnownFileType = sourcecode.swift; path = SecondViewViewController.swift; sourceTree = "<group>"; };
		E1CD07AB2BA2DB1D00169E9C /* SomeThing.swift */ = {isa = PBXFileReference; fileEncoding = 4; lastKnownFileType = sourcecode.swift; path = SomeThing.swift; sourceTree = "<group>"; };
		E1CD07B42BA2DB5F00169E9C /* CustomHeader.xib */ = {isa = PBXFileReference; fileEncoding = 4; lastKnownFileType = file.xib; path = CustomHeader.xib; sourceTree = "<group>"; };
		E1CD07B52BA2DB5F00169E9C /* CustomHeader.swift */ = {isa = PBXFileReference; fileEncoding = 4; lastKnownFileType = sourcecode.swift; path = CustomHeader.swift; sourceTree = "<group>"; };
		FC11394932244E1271B24A3D /* Pods-NativeTrainingTests.debug.xcconfig */ = {isa = PBXFileReference; includeInIndex = 1; lastKnownFileType = text.xcconfig; name = "Pods-NativeTrainingTests.debug.xcconfig"; path = "Target Support Files/Pods-NativeTrainingTests/Pods-NativeTrainingTests.debug.xcconfig"; sourceTree = "<group>"; };
/* End PBXFileReference section */

/* Begin PBXFrameworksBuildPhase section */
		75C9056D2B96F04300F24353 /* Frameworks */ = {
			isa = PBXFrameworksBuildPhase;
			buildActionMask = 2147483647;
			files = (
				ECE3BE748D3F2630D614B4B8 /* Pods_NativeTraining.framework in Frameworks */,
			);
			runOnlyForDeploymentPostprocessing = 0;
		};
		75C905862B96F04400F24353 /* Frameworks */ = {
			isa = PBXFrameworksBuildPhase;
			buildActionMask = 2147483647;
			files = (
				9CE943DA5CA9056EF308001A /* Pods_NativeTrainingTests.framework in Frameworks */,
			);
			runOnlyForDeploymentPostprocessing = 0;
		};
		75C905902B96F04400F24353 /* Frameworks */ = {
			isa = PBXFrameworksBuildPhase;
			buildActionMask = 2147483647;
			files = (
				DBC5DA1FCEB42B1D251020E5 /* Pods_NativeTraining_NativeTrainingUITests.framework in Frameworks */,
			);
			runOnlyForDeploymentPostprocessing = 0;
		};
/* End PBXFrameworksBuildPhase section */

/* Begin PBXGroup section */
		75C905672B96F04300F24353 = {
			isa = PBXGroup;
			children = (
				75C905722B96F04300F24353 /* NativeTraining */,
				75C9058C2B96F04400F24353 /* NativeTrainingTests */,
				75C905962B96F04400F24353 /* NativeTrainingUITests */,
				75C905712B96F04300F24353 /* Products */,
				E6ECF53CE51CDC01E045BF2C /* Pods */,
				92055C205DCFFC903B346220 /* Frameworks */,
			);
			sourceTree = "<group>";
		};
		75C905712B96F04300F24353 /* Products */ = {
			isa = PBXGroup;
			children = (
				75C905702B96F04300F24353 /* NativeTraining.app */,
				75C905892B96F04400F24353 /* NativeTrainingTests.xctest */,
				75C905932B96F04400F24353 /* NativeTrainingUITests.xctest */,
			);
			name = Products;
			sourceTree = "<group>";
		};
		75C905722B96F04300F24353 /* NativeTraining */ = {
			isa = PBXGroup;
			children = (
				E1CD07B52BA2DB5F00169E9C /* CustomHeader.swift */,
				E1CD07B42BA2DB5F00169E9C /* CustomHeader.xib */,
				E1CD07A42BA2DB1D00169E9C /* PersonViewCell.swift */,
				E1CD07A72BA2DB1D00169E9C /* PersonViewCell.xib */,
				E1CD07A62BA2DB1D00169E9C /* Popup.swift */,
				E1CD07A52BA2DB1D00169E9C /* Popup.xib */,
				E1CD07A92BA2DB1D00169E9C /* ProjectTableViewCell.swift */,
				E1CD07A82BA2DB1D00169E9C /* ProjectTableViewCell.xib */,
				E1CD07AA2BA2DB1D00169E9C /* SecondViewViewController.swift */,
				E1CD07AB2BA2DB1D00169E9C /* SomeThing.swift */,
				75C905732B96F04300F24353 /* AppDelegate.swift */,
				75C905752B96F04300F24353 /* SceneDelegate.swift */,
				75C905772B96F04300F24353 /* ViewController.swift */,
				75C905792B96F04300F24353 /* Main.storyboard */,
				75C9057F2B96F04400F24353 /* Assets.xcassets */,
				75C905812B96F04400F24353 /* LaunchScreen.storyboard */,
				75C905842B96F04400F24353 /* Info.plist */,
				75C9057C2B96F04300F24353 /* NativeTraining.xcdatamodeld */,
			);
			path = NativeTraining;
			sourceTree = "<group>";
		};
		75C9058C2B96F04400F24353 /* NativeTrainingTests */ = {
			isa = PBXGroup;
			children = (
				75C9058D2B96F04400F24353 /* NativeTrainingTests.swift */,
			);
			path = NativeTrainingTests;
			sourceTree = "<group>";
		};
		75C905962B96F04400F24353 /* NativeTrainingUITests */ = {
			isa = PBXGroup;
			children = (
				75C905972B96F04400F24353 /* NativeTrainingUITests.swift */,
				75C905992B96F04400F24353 /* NativeTrainingUITestsLaunchTests.swift */,
			);
			path = NativeTrainingUITests;
			sourceTree = "<group>";
		};
		92055C205DCFFC903B346220 /* Frameworks */ = {
			isa = PBXGroup;
			children = (
				4AF8F5CA8FADA47878402B35 /* Pods_NativeTraining.framework */,
				B8ADE55DE00888AC75688559 /* Pods_NativeTraining_NativeTrainingUITests.framework */,
				556B3DA3F6B9444C9EA4F169 /* Pods_NativeTrainingTests.framework */,
			);
			name = Frameworks;
			sourceTree = "<group>";
		};
		E6ECF53CE51CDC01E045BF2C /* Pods */ = {
			isa = PBXGroup;
			children = (
				0AFE1D1F1BF73AE8B0F175E2 /* Pods-NativeTraining.debug.xcconfig */,
				0B5778622DA4E999627B2D4D /* Pods-NativeTraining.release.xcconfig */,
				4CCACB6DB22BBB67299858C3 /* Pods-NativeTraining-NativeTrainingUITests.debug.xcconfig */,
				489F6D4F7861868F9662B835 /* Pods-NativeTraining-NativeTrainingUITests.release.xcconfig */,
				FC11394932244E1271B24A3D /* Pods-NativeTrainingTests.debug.xcconfig */,
				232A3214E9557AC775FFFFF6 /* Pods-NativeTrainingTests.release.xcconfig */,
			);
			path = Pods;
			sourceTree = "<group>";
		};
/* End PBXGroup section */

/* Begin PBXNativeTarget section */
		75C9056F2B96F04300F24353 /* NativeTraining */ = {
			isa = PBXNativeTarget;
			buildConfigurationList = 75C9059D2B96F04400F24353 /* Build configuration list for PBXNativeTarget "NativeTraining" */;
			buildPhases = (
				37AD77A7FBBA12BB5F985276 /* [CP] Check Pods Manifest.lock */,
				75C9056C2B96F04300F24353 /* Sources */,
				75C9056D2B96F04300F24353 /* Frameworks */,
				75C9056E2B96F04300F24353 /* Resources */,
				DA8094A303D3200FD4186B76 /* [CP] Embed Pods Frameworks */,
			);
			buildRules = (
			);
			dependencies = (
			);
			name = NativeTraining;
			productName = NativeTraining;
			productReference = 75C905702B96F04300F24353 /* NativeTraining.app */;
			productType = "com.apple.product-type.application";
		};
		75C905882B96F04400F24353 /* NativeTrainingTests */ = {
			isa = PBXNativeTarget;
			buildConfigurationList = 75C905A02B96F04400F24353 /* Build configuration list for PBXNativeTarget "NativeTrainingTests" */;
			buildPhases = (
				E761EC46D948067CAE23DD86 /* [CP] Check Pods Manifest.lock */,
				75C905852B96F04400F24353 /* Sources */,
				75C905862B96F04400F24353 /* Frameworks */,
				75C905872B96F04400F24353 /* Resources */,
			);
			buildRules = (
			);
			dependencies = (
				75C9058B2B96F04400F24353 /* PBXTargetDependency */,
			);
			name = NativeTrainingTests;
			productName = NativeTrainingTests;
			productReference = 75C905892B96F04400F24353 /* NativeTrainingTests.xctest */;
			productType = "com.apple.product-type.bundle.unit-test";
		};
		75C905922B96F04400F24353 /* NativeTrainingUITests */ = {
			isa = PBXNativeTarget;
			buildConfigurationList = 75C905A32B96F04400F24353 /* Build configuration list for PBXNativeTarget "NativeTrainingUITests" */;
			buildPhases = (
				1775C5BB8F3A19313E9EC2AB /* [CP] Check Pods Manifest.lock */,
				75C9058F2B96F04400F24353 /* Sources */,
				75C905902B96F04400F24353 /* Frameworks */,
				75C905912B96F04400F24353 /* Resources */,
				409CF548FB6E37F03EDA0788 /* [CP] Embed Pods Frameworks */,
			);
			buildRules = (
			);
			dependencies = (
				75C905952B96F04400F24353 /* PBXTargetDependency */,
			);
			name = NativeTrainingUITests;
			productName = NativeTrainingUITests;
			productReference = 75C905932B96F04400F24353 /* NativeTrainingUITests.xctest */;
			productType = "com.apple.product-type.bundle.ui-testing";
		};
/* End PBXNativeTarget section */

/* Begin PBXProject section */
		75C905682B96F04300F24353 /* Project object */ = {
			isa = PBXProject;
			attributes = {
				BuildIndependentTargetsInParallel = 1;
				LastSwiftUpdateCheck = 1420;
				LastUpgradeCheck = 1420;
				TargetAttributes = {
					75C9056F2B96F04300F24353 = {
						CreatedOnToolsVersion = 14.2;
					};
					75C905882B96F04400F24353 = {
						CreatedOnToolsVersion = 14.2;
						TestTargetID = 75C9056F2B96F04300F24353;
					};
					75C905922B96F04400F24353 = {
						CreatedOnToolsVersion = 14.2;
						TestTargetID = 75C9056F2B96F04300F24353;
					};
				};
			};
			buildConfigurationList = 75C9056B2B96F04300F24353 /* Build configuration list for PBXProject "NativeTraining" */;
			compatibilityVersion = "Xcode 14.0";
			developmentRegion = en;
			hasScannedForEncodings = 0;
			knownRegions = (
				en,
				Base,
			);
			mainGroup = 75C905672B96F04300F24353;
			productRefGroup = 75C905712B96F04300F24353 /* Products */;
			projectDirPath = "";
			projectRoot = "";
			targets = (
				75C9056F2B96F04300F24353 /* NativeTraining */,
				75C905882B96F04400F24353 /* NativeTrainingTests */,
				75C905922B96F04400F24353 /* NativeTrainingUITests */,
			);
		};
/* End PBXProject section */

/* Begin PBXResourcesBuildPhase section */
		75C9056E2B96F04300F24353 /* Resources */ = {
			isa = PBXResourcesBuildPhase;
			buildActionMask = 2147483647;
			files = (
				75C905832B96F04400F24353 /* LaunchScreen.storyboard in Resources */,
				E1CD07B02BA2DB1D00169E9C /* ProjectTableViewCell.xib in Resources */,
				75C905802B96F04400F24353 /* Assets.xcassets in Resources */,
				E1CD07AD2BA2DB1D00169E9C /* Popup.xib in Resources */,
				E1CD07B62BA2DB5F00169E9C /* CustomHeader.xib in Resources */,
				75C9057B2B96F04300F24353 /* Main.storyboard in Resources */,
				E1CD07AF2BA2DB1D00169E9C /* PersonViewCell.xib in Resources */,
			);
			runOnlyForDeploymentPostprocessing = 0;
		};
		75C905872B96F04400F24353 /* Resources */ = {
			isa = PBXResourcesBuildPhase;
			buildActionMask = 2147483647;
			files = (
			);
			runOnlyForDeploymentPostprocessing = 0;
		};
		75C905912B96F04400F24353 /* Resources */ = {
			isa = PBXResourcesBuildPhase;
			buildActionMask = 2147483647;
			files = (
			);
			runOnlyForDeploymentPostprocessing = 0;
		};
/* End PBXResourcesBuildPhase section */

/* Begin PBXShellScriptBuildPhase section */
		1775C5BB8F3A19313E9EC2AB /* [CP] Check Pods Manifest.lock */ = {
			isa = PBXShellScriptBuildPhase;
			buildActionMask = 2147483647;
			files = (
			);
			inputFileListPaths = (
			);
			inputPaths = (
				"${PODS_PODFILE_DIR_PATH}/Podfile.lock",
				"${PODS_ROOT}/Manifest.lock",
			);
			name = "[CP] Check Pods Manifest.lock";
			outputFileListPaths = (
			);
			outputPaths = (
				"$(DERIVED_FILE_DIR)/Pods-NativeTraining-NativeTrainingUITests-checkManifestLockResult.txt",
			);
			runOnlyForDeploymentPostprocessing = 0;
			shellPath = /bin/sh;
			shellScript = "diff \"${PODS_PODFILE_DIR_PATH}/Podfile.lock\" \"${PODS_ROOT}/Manifest.lock\" > /dev/null\nif [ $? != 0 ] ; then\n    # print error to STDERR\n    echo \"error: The sandbox is not in sync with the Podfile.lock. Run 'pod install' or update your CocoaPods installation.\" >&2\n    exit 1\nfi\n# This output is used by Xcode 'outputs' to avoid re-running this script phase.\necho \"SUCCESS\" > \"${SCRIPT_OUTPUT_FILE_0}\"\n";
			showEnvVarsInLog = 0;
		};
		37AD77A7FBBA12BB5F985276 /* [CP] Check Pods Manifest.lock */ = {
			isa = PBXShellScriptBuildPhase;
			buildActionMask = 2147483647;
			files = (
			);
			inputFileListPaths = (
			);
			inputPaths = (
				"${PODS_PODFILE_DIR_PATH}/Podfile.lock",
				"${PODS_ROOT}/Manifest.lock",
			);
			name = "[CP] Check Pods Manifest.lock";
			outputFileListPaths = (
			);
			outputPaths = (
				"$(DERIVED_FILE_DIR)/Pods-NativeTraining-checkManifestLockResult.txt",
			);
			runOnlyForDeploymentPostprocessing = 0;
			shellPath = /bin/sh;
			shellScript = "diff \"${PODS_PODFILE_DIR_PATH}/Podfile.lock\" \"${PODS_ROOT}/Manifest.lock\" > /dev/null\nif [ $? != 0 ] ; then\n    # print error to STDERR\n    echo \"error: The sandbox is not in sync with the Podfile.lock. Run 'pod install' or update your CocoaPods installation.\" >&2\n    exit 1\nfi\n# This output is used by Xcode 'outputs' to avoid re-running this script phase.\necho \"SUCCESS\" > \"${SCRIPT_OUTPUT_FILE_0}\"\n";
			showEnvVarsInLog = 0;
		};
		409CF548FB6E37F03EDA0788 /* [CP] Embed Pods Frameworks */ = {
			isa = PBXShellScriptBuildPhase;
			buildActionMask = 2147483647;
			files = (
			);
			inputFileListPaths = (
				"${PODS_ROOT}/Target Support Files/Pods-NativeTraining-NativeTrainingUITests/Pods-NativeTraining-NativeTrainingUITests-frameworks-${CONFIGURATION}-input-files.xcfilelist",
			);
			name = "[CP] Embed Pods Frameworks";
			outputFileListPaths = (
				"${PODS_ROOT}/Target Support Files/Pods-NativeTraining-NativeTrainingUITests/Pods-NativeTraining-NativeTrainingUITests-frameworks-${CONFIGURATION}-output-files.xcfilelist",
			);
			runOnlyForDeploymentPostprocessing = 0;
			shellPath = /bin/sh;
			shellScript = "\"${PODS_ROOT}/Target Support Files/Pods-NativeTraining-NativeTrainingUITests/Pods-NativeTraining-NativeTrainingUITests-frameworks.sh\"\n";
			showEnvVarsInLog = 0;
		};
		DA8094A303D3200FD4186B76 /* [CP] Embed Pods Frameworks */ = {
			isa = PBXShellScriptBuildPhase;
			buildActionMask = 2147483647;
			files = (
			);
			inputFileListPaths = (
				"${PODS_ROOT}/Target Support Files/Pods-NativeTraining/Pods-NativeTraining-frameworks-${CONFIGURATION}-input-files.xcfilelist",
			);
			name = "[CP] Embed Pods Frameworks";
			outputFileListPaths = (
				"${PODS_ROOT}/Target Support Files/Pods-NativeTraining/Pods-NativeTraining-frameworks-${CONFIGURATION}-output-files.xcfilelist",
			);
			runOnlyForDeploymentPostprocessing = 0;
			shellPath = /bin/sh;
			shellScript = "\"${PODS_ROOT}/Target Support Files/Pods-NativeTraining/Pods-NativeTraining-frameworks.sh\"\n";
			showEnvVarsInLog = 0;
		};
		E761EC46D948067CAE23DD86 /* [CP] Check Pods Manifest.lock */ = {
			isa = PBXShellScriptBuildPhase;
			buildActionMask = 2147483647;
			files = (
			);
			inputFileListPaths = (
			);
			inputPaths = (
				"${PODS_PODFILE_DIR_PATH}/Podfile.lock",
				"${PODS_ROOT}/Manifest.lock",
			);
			name = "[CP] Check Pods Manifest.lock";
			outputFileListPaths = (
			);
			outputPaths = (
				"$(DERIVED_FILE_DIR)/Pods-NativeTrainingTests-checkManifestLockResult.txt",
			);
			runOnlyForDeploymentPostprocessing = 0;
			shellPath = /bin/sh;
			shellScript = "diff \"${PODS_PODFILE_DIR_PATH}/Podfile.lock\" \"${PODS_ROOT}/Manifest.lock\" > /dev/null\nif [ $? != 0 ] ; then\n    # print error to STDERR\n    echo \"error: The sandbox is not in sync with the Podfile.lock. Run 'pod install' or update your CocoaPods installation.\" >&2\n    exit 1\nfi\n# This output is used by Xcode 'outputs' to avoid re-running this script phase.\necho \"SUCCESS\" > \"${SCRIPT_OUTPUT_FILE_0}\"\n";
			showEnvVarsInLog = 0;
		};
/* End PBXShellScriptBuildPhase section */

/* Begin PBXSourcesBuildPhase section */
		75C9056C2B96F04300F24353 /* Sources */ = {
			isa = PBXSourcesBuildPhase;
			buildActionMask = 2147483647;
			files = (
				E1CD07AE2BA2DB1D00169E9C /* Popup.swift in Sources */,
				E1CD07B12BA2DB1D00169E9C /* ProjectTableViewCell.swift in Sources */,
				75C905782B96F04300F24353 /* ViewController.swift in Sources */,
				E1CD07AC2BA2DB1D00169E9C /* PersonViewCell.swift in Sources */,
				75C905742B96F04300F24353 /* AppDelegate.swift in Sources */,
				75C9057E2B96F04300F24353 /* NativeTraining.xcdatamodeld in Sources */,
				75C905762B96F04300F24353 /* SceneDelegate.swift in Sources */,
				E1CD07B32BA2DB1D00169E9C /* SomeThing.swift in Sources */,
				E1CD07B22BA2DB1D00169E9C /* SecondViewViewController.swift in Sources */,
				E1CD07B72BA2DB5F00169E9C /* CustomHeader.swift in Sources */,
			);
			runOnlyForDeploymentPostprocessing = 0;
		};
		75C905852B96F04400F24353 /* Sources */ = {
			isa = PBXSourcesBuildPhase;
			buildActionMask = 2147483647;
			files = (
				75C9058E2B96F04400F24353 /* NativeTrainingTests.swift in Sources */,
			);
			runOnlyForDeploymentPostprocessing = 0;
		};
		75C9058F2B96F04400F24353 /* Sources */ = {
			isa = PBXSourcesBuildPhase;
			buildActionMask = 2147483647;
			files = (
				75C905982B96F04400F24353 /* NativeTrainingUITests.swift in Sources */,
				75C9059A2B96F04400F24353 /* NativeTrainingUITestsLaunchTests.swift in Sources */,
			);
			runOnlyForDeploymentPostprocessing = 0;
		};
/* End PBXSourcesBuildPhase section */

/* Begin PBXTargetDependency section */
		75C9058B2B96F04400F24353 /* PBXTargetDependency */ = {
			isa = PBXTargetDependency;
			target = 75C9056F2B96F04300F24353 /* NativeTraining */;
			targetProxy = 75C9058A2B96F04400F24353 /* PBXContainerItemProxy */;
		};
		75C905952B96F04400F24353 /* PBXTargetDependency */ = {
			isa = PBXTargetDependency;
			target = 75C9056F2B96F04300F24353 /* NativeTraining */;
			targetProxy = 75C905942B96F04400F24353 /* PBXContainerItemProxy */;
		};
/* End PBXTargetDependency section */

/* Begin PBXVariantGroup section */
		75C905792B96F04300F24353 /* Main.storyboard */ = {
			isa = PBXVariantGroup;
			children = (
				75C9057A2B96F04300F24353 /* Base */,
			);
			name = Main.storyboard;
			sourceTree = "<group>";
		};
		75C905812B96F04400F24353 /* LaunchScreen.storyboard */ = {
			isa = PBXVariantGroup;
			children = (
				75C905822B96F04400F24353 /* Base */,
			);
			name = LaunchScreen.storyboard;
			sourceTree = "<group>";
		};
/* End PBXVariantGroup section */

/* Begin XCBuildConfiguration section */
		75C9059B2B96F04400F24353 /* Debug */ = {
			isa = XCBuildConfiguration;
			buildSettings = {
				ALWAYS_SEARCH_USER_PATHS = NO;
				CLANG_ANALYZER_NONNULL = YES;
				CLANG_ANALYZER_NUMBER_OBJECT_CONVERSION = YES_AGGRESSIVE;
				CLANG_CXX_LANGUAGE_STANDARD = "gnu++20";
				CLANG_ENABLE_MODULES = YES;
				CLANG_ENABLE_OBJC_ARC = YES;
				CLANG_ENABLE_OBJC_WEAK = YES;
				CLANG_WARN_BLOCK_CAPTURE_AUTORELEASING = YES;
				CLANG_WARN_BOOL_CONVERSION = YES;
				CLANG_WARN_COMMA = YES;
				CLANG_WARN_CONSTANT_CONVERSION = YES;
				CLANG_WARN_DEPRECATED_OBJC_IMPLEMENTATIONS = YES;
				CLANG_WARN_DIRECT_OBJC_ISA_USAGE = YES_ERROR;
				CLANG_WARN_DOCUMENTATION_COMMENTS = YES;
				CLANG_WARN_EMPTY_BODY = YES;
				CLANG_WARN_ENUM_CONVERSION = YES;
				CLANG_WARN_INFINITE_RECURSION = YES;
				CLANG_WARN_INT_CONVERSION = YES;
				CLANG_WARN_NON_LITERAL_NULL_CONVERSION = YES;
				CLANG_WARN_OBJC_IMPLICIT_RETAIN_SELF = YES;
				CLANG_WARN_OBJC_LITERAL_CONVERSION = YES;
				CLANG_WARN_OBJC_ROOT_CLASS = YES_ERROR;
				CLANG_WARN_QUOTED_INCLUDE_IN_FRAMEWORK_HEADER = YES;
				CLANG_WARN_RANGE_LOOP_ANALYSIS = YES;
				CLANG_WARN_STRICT_PROTOTYPES = YES;
				CLANG_WARN_SUSPICIOUS_MOVE = YES;
				CLANG_WARN_UNGUARDED_AVAILABILITY = YES_AGGRESSIVE;
				CLANG_WARN_UNREACHABLE_CODE = YES;
				CLANG_WARN__DUPLICATE_METHOD_MATCH = YES;
				COPY_PHASE_STRIP = NO;
				DEBUG_INFORMATION_FORMAT = dwarf;
				ENABLE_STRICT_OBJC_MSGSEND = YES;
				ENABLE_TESTABILITY = YES;
				GCC_C_LANGUAGE_STANDARD = gnu11;
				GCC_DYNAMIC_NO_PIC = NO;
				GCC_NO_COMMON_BLOCKS = YES;
				GCC_OPTIMIZATION_LEVEL = 0;
				GCC_PREPROCESSOR_DEFINITIONS = (
					"DEBUG=1",
					"$(inherited)",
				);
				GCC_WARN_64_TO_32_BIT_CONVERSION = YES;
				GCC_WARN_ABOUT_RETURN_TYPE = YES_ERROR;
				GCC_WARN_UNDECLARED_SELECTOR = YES;
				GCC_WARN_UNINITIALIZED_AUTOS = YES_AGGRESSIVE;
				GCC_WARN_UNUSED_FUNCTION = YES;
				GCC_WARN_UNUSED_VARIABLE = YES;
				IPHONEOS_DEPLOYMENT_TARGET = 16.2;
				MTL_ENABLE_DEBUG_INFO = INCLUDE_SOURCE;
				MTL_FAST_MATH = YES;
				ONLY_ACTIVE_ARCH = YES;
				SDKROOT = iphoneos;
				SWIFT_ACTIVE_COMPILATION_CONDITIONS = DEBUG;
				SWIFT_OPTIMIZATION_LEVEL = "-Onone";
			};
			name = Debug;
		};
		75C9059C2B96F04400F24353 /* Release */ = {
			isa = XCBuildConfiguration;
			buildSettings = {
				ALWAYS_SEARCH_USER_PATHS = NO;
				CLANG_ANALYZER_NONNULL = YES;
				CLANG_ANALYZER_NUMBER_OBJECT_CONVERSION = YES_AGGRESSIVE;
				CLANG_CXX_LANGUAGE_STANDARD = "gnu++20";
				CLANG_ENABLE_MODULES = YES;
				CLANG_ENABLE_OBJC_ARC = YES;
				CLANG_ENABLE_OBJC_WEAK = YES;
				CLANG_WARN_BLOCK_CAPTURE_AUTORELEASING = YES;
				CLANG_WARN_BOOL_CONVERSION = YES;
				CLANG_WARN_COMMA = YES;
				CLANG_WARN_CONSTANT_CONVERSION = YES;
				CLANG_WARN_DEPRECATED_OBJC_IMPLEMENTATIONS = YES;
				CLANG_WARN_DIRECT_OBJC_ISA_USAGE = YES_ERROR;
				CLANG_WARN_DOCUMENTATION_COMMENTS = YES;
				CLANG_WARN_EMPTY_BODY = YES;
				CLANG_WARN_ENUM_CONVERSION = YES;
				CLANG_WARN_INFINITE_RECURSION = YES;
				CLANG_WARN_INT_CONVERSION = YES;
				CLANG_WARN_NON_LITERAL_NULL_CONVERSION = YES;
				CLANG_WARN_OBJC_IMPLICIT_RETAIN_SELF = YES;
				CLANG_WARN_OBJC_LITERAL_CONVERSION = YES;
				CLANG_WARN_OBJC_ROOT_CLASS = YES_ERROR;
				CLANG_WARN_QUOTED_INCLUDE_IN_FRAMEWORK_HEADER = YES;
				CLANG_WARN_RANGE_LOOP_ANALYSIS = YES;
				CLANG_WARN_STRICT_PROTOTYPES = YES;
				CLANG_WARN_SUSPICIOUS_MOVE = YES;
				CLANG_WARN_UNGUARDED_AVAILABILITY = YES_AGGRESSIVE;
				CLANG_WARN_UNREACHABLE_CODE = YES;
				CLANG_WARN__DUPLICATE_METHOD_MATCH = YES;
				COPY_PHASE_STRIP = NO;
				DEBUG_INFORMATION_FORMAT = "dwarf-with-dsym";
				ENABLE_NS_ASSERTIONS = NO;
				ENABLE_STRICT_OBJC_MSGSEND = YES;
				GCC_C_LANGUAGE_STANDARD = gnu11;
				GCC_NO_COMMON_BLOCKS = YES;
				GCC_WARN_64_TO_32_BIT_CONVERSION = YES;
				GCC_WARN_ABOUT_RETURN_TYPE = YES_ERROR;
				GCC_WARN_UNDECLARED_SELECTOR = YES;
				GCC_WARN_UNINITIALIZED_AUTOS = YES_AGGRESSIVE;
				GCC_WARN_UNUSED_FUNCTION = YES;
				GCC_WARN_UNUSED_VARIABLE = YES;
				IPHONEOS_DEPLOYMENT_TARGET = 16.2;
				MTL_ENABLE_DEBUG_INFO = NO;
				MTL_FAST_MATH = YES;
				SDKROOT = iphoneos;
				SWIFT_COMPILATION_MODE = wholemodule;
				SWIFT_OPTIMIZATION_LEVEL = "-O";
				VALIDATE_PRODUCT = YES;
			};
			name = Release;
		};
		75C9059E2B96F04400F24353 /* Debug */ = {
			isa = XCBuildConfiguration;
			baseConfigurationReference = 0AFE1D1F1BF73AE8B0F175E2 /* Pods-NativeTraining.debug.xcconfig */;
			buildSettings = {
				ASSETCATALOG_COMPILER_APPICON_NAME = AppIcon;
				ASSETCATALOG_COMPILER_GLOBAL_ACCENT_COLOR_NAME = AccentColor;
				CODE_SIGN_STYLE = Automatic;
				CURRENT_PROJECT_VERSION = 1;
				GENERATE_INFOPLIST_FILE = YES;
				INFOPLIST_FILE = NativeTraining/Info.plist;
				INFOPLIST_KEY_UIApplicationSupportsIndirectInputEvents = YES;
				INFOPLIST_KEY_UILaunchStoryboardName = LaunchScreen;
				INFOPLIST_KEY_UIMainStoryboardFile = Main;
				INFOPLIST_KEY_UISupportedInterfaceOrientations_iPad = "UIInterfaceOrientationPortrait UIInterfaceOrientationPortraitUpsideDown UIInterfaceOrientationLandscapeLeft UIInterfaceOrientationLandscapeRight";
				INFOPLIST_KEY_UISupportedInterfaceOrientations_iPhone = "UIInterfaceOrientationPortrait UIInterfaceOrientationLandscapeLeft UIInterfaceOrientationLandscapeRight";
				LD_RUNPATH_SEARCH_PATHS = (
					"$(inherited)",
					"@executable_path/Frameworks",
				);
				MARKETING_VERSION = 1.0;
				PRODUCT_BUNDLE_IDENTIFIER = com.dnkinno.NativeTraining;
				PRODUCT_NAME = "$(TARGET_NAME)";
				SWIFT_EMIT_LOC_STRINGS = YES;
				SWIFT_VERSION = 5.0;
				TARGETED_DEVICE_FAMILY = "1,2";
			};
			name = Debug;
		};
		75C9059F2B96F04400F24353 /* Release */ = {
			isa = XCBuildConfiguration;
			baseConfigurationReference = 0B5778622DA4E999627B2D4D /* Pods-NativeTraining.release.xcconfig */;
			buildSettings = {
				ASSETCATALOG_COMPILER_APPICON_NAME = AppIcon;
				ASSETCATALOG_COMPILER_GLOBAL_ACCENT_COLOR_NAME = AccentColor;
				CODE_SIGN_STYLE = Automatic;
				CURRENT_PROJECT_VERSION = 1;
				GENERATE_INFOPLIST_FILE = YES;
				INFOPLIST_FILE = NativeTraining/Info.plist;
				INFOPLIST_KEY_UIApplicationSupportsIndirectInputEvents = YES;
				INFOPLIST_KEY_UILaunchStoryboardName = LaunchScreen;
				INFOPLIST_KEY_UIMainStoryboardFile = Main;
				INFOPLIST_KEY_UISupportedInterfaceOrientations_iPad = "UIInterfaceOrientationPortrait UIInterfaceOrientationPortraitUpsideDown UIInterfaceOrientationLandscapeLeft UIInterfaceOrientationLandscapeRight";
				INFOPLIST_KEY_UISupportedInterfaceOrientations_iPhone = "UIInterfaceOrientationPortrait UIInterfaceOrientationLandscapeLeft UIInterfaceOrientationLandscapeRight";
				LD_RUNPATH_SEARCH_PATHS = (
					"$(inherited)",
					"@executable_path/Frameworks",
				);
				MARKETING_VERSION = 1.0;
				PRODUCT_BUNDLE_IDENTIFIER = com.dnkinno.NativeTraining;
				PRODUCT_NAME = "$(TARGET_NAME)";
				SWIFT_EMIT_LOC_STRINGS = YES;
				SWIFT_VERSION = 5.0;
				TARGETED_DEVICE_FAMILY = "1,2";
			};
			name = Release;
		};
		75C905A12B96F04400F24353 /* Debug */ = {
			isa = XCBuildConfiguration;
			baseConfigurationReference = FC11394932244E1271B24A3D /* Pods-NativeTrainingTests.debug.xcconfig */;
			buildSettings = {
				ALWAYS_EMBED_SWIFT_STANDARD_LIBRARIES = YES;
				BUNDLE_LOADER = "$(TEST_HOST)";
				CODE_SIGN_STYLE = Automatic;
				CURRENT_PROJECT_VERSION = 1;
				GENERATE_INFOPLIST_FILE = YES;
				IPHONEOS_DEPLOYMENT_TARGET = 16.2;
				MARKETING_VERSION = 1.0;
				PRODUCT_BUNDLE_IDENTIFIER = com.dnkinno.NativeTrainingTests;
				PRODUCT_NAME = "$(TARGET_NAME)";
				SWIFT_EMIT_LOC_STRINGS = NO;
				SWIFT_VERSION = 5.0;
				TARGETED_DEVICE_FAMILY = "1,2";
				TEST_HOST = "$(BUILT_PRODUCTS_DIR)/NativeTraining.app/$(BUNDLE_EXECUTABLE_FOLDER_PATH)/NativeTraining";
			};
			name = Debug;
		};
		75C905A22B96F04400F24353 /* Release */ = {
			isa = XCBuildConfiguration;
			baseConfigurationReference = 232A3214E9557AC775FFFFF6 /* Pods-NativeTrainingTests.release.xcconfig */;
			buildSettings = {
				ALWAYS_EMBED_SWIFT_STANDARD_LIBRARIES = YES;
				BUNDLE_LOADER = "$(TEST_HOST)";
				CODE_SIGN_STYLE = Automatic;
				CURRENT_PROJECT_VERSION = 1;
				GENERATE_INFOPLIST_FILE = YES;
				IPHONEOS_DEPLOYMENT_TARGET = 16.2;
				MARKETING_VERSION = 1.0;
				PRODUCT_BUNDLE_IDENTIFIER = com.dnkinno.NativeTrainingTests;
				PRODUCT_NAME = "$(TARGET_NAME)";
				SWIFT_EMIT_LOC_STRINGS = NO;
				SWIFT_VERSION = 5.0;
				TARGETED_DEVICE_FAMILY = "1,2";
				TEST_HOST = "$(BUILT_PRODUCTS_DIR)/NativeTraining.app/$(BUNDLE_EXECUTABLE_FOLDER_PATH)/NativeTraining";
			};
			name = Release;
		};
		75C905A42B96F04400F24353 /* Debug */ = {
			isa = XCBuildConfiguration;
			baseConfigurationReference = 4CCACB6DB22BBB67299858C3 /* Pods-NativeTraining-NativeTrainingUITests.debug.xcconfig */;
			buildSettings = {
				ALWAYS_EMBED_SWIFT_STANDARD_LIBRARIES = YES;
				CODE_SIGN_STYLE = Automatic;
				CURRENT_PROJECT_VERSION = 1;
				GENERATE_INFOPLIST_FILE = YES;
				MARKETING_VERSION = 1.0;
				PRODUCT_BUNDLE_IDENTIFIER = com.dnkinno.NativeTrainingUITests;
				PRODUCT_NAME = "$(TARGET_NAME)";
				SWIFT_EMIT_LOC_STRINGS = NO;
				SWIFT_VERSION = 5.0;
				TARGETED_DEVICE_FAMILY = "1,2";
				TEST_TARGET_NAME = NativeTraining;
			};
			name = Debug;
		};
		75C905A52B96F04400F24353 /* Release */ = {
			isa = XCBuildConfiguration;
			baseConfigurationReference = 489F6D4F7861868F9662B835 /* Pods-NativeTraining-NativeTrainingUITests.release.xcconfig */;
			buildSettings = {
				ALWAYS_EMBED_SWIFT_STANDARD_LIBRARIES = YES;
				CODE_SIGN_STYLE = Automatic;
				CURRENT_PROJECT_VERSION = 1;
				GENERATE_INFOPLIST_FILE = YES;
				MARKETING_VERSION = 1.0;
				PRODUCT_BUNDLE_IDENTIFIER = com.dnkinno.NativeTrainingUITests;
				PRODUCT_NAME = "$(TARGET_NAME)";
				SWIFT_EMIT_LOC_STRINGS = NO;
				SWIFT_VERSION = 5.0;
				TARGETED_DEVICE_FAMILY = "1,2";
				TEST_TARGET_NAME = NativeTraining;
			};
			name = Release;
		};
/* End XCBuildConfiguration section */

/* Begin XCConfigurationList section */
		75C9056B2B96F04300F24353 /* Build configuration list for PBXProject "NativeTraining" */ = {
			isa = XCConfigurationList;
			buildConfigurations = (
				75C9059B2B96F04400F24353 /* Debug */,
				75C9059C2B96F04400F24353 /* Release */,
			);
			defaultConfigurationIsVisible = 0;
			defaultConfigurationName = Release;
		};
		75C9059D2B96F04400F24353 /* Build configuration list for PBXNativeTarget "NativeTraining" */ = {
			isa = XCConfigurationList;
			buildConfigurations = (
				75C9059E2B96F04400F24353 /* Debug */,
				75C9059F2B96F04400F24353 /* Release */,
			);
			defaultConfigurationIsVisible = 0;
			defaultConfigurationName = Release;
		};
		75C905A02B96F04400F24353 /* Build configuration list for PBXNativeTarget "NativeTrainingTests" */ = {
			isa = XCConfigurationList;
			buildConfigurations = (
				75C905A12B96F04400F24353 /* Debug */,
				75C905A22B96F04400F24353 /* Release */,
			);
			defaultConfigurationIsVisible = 0;
			defaultConfigurationName = Release;
		};
		75C905A32B96F04400F24353 /* Build configuration list for PBXNativeTarget "NativeTrainingUITests" */ = {
			isa = XCConfigurationList;
			buildConfigurations = (
				75C905A42B96F04400F24353 /* Debug */,
				75C905A52B96F04400F24353 /* Release */,
			);
			defaultConfigurationIsVisible = 0;
			defaultConfigurationName = Release;
		};
/* End XCConfigurationList section */

/* Begin XCVersionGroup section */
		75C9057C2B96F04300F24353 /* NativeTraining.xcdatamodeld */ = {
			isa = XCVersionGroup;
			children = (
				75C9057D2B96F04300F24353 /* NativeTraining.xcdatamodel */,
			);
			currentVersion = 75C9057D2B96F04300F24353 /* NativeTraining.xcdatamodel */;
			path = NativeTraining.xcdatamodeld;
			sourceTree = "<group>";
			versionGroupType = wrapper.xcdatamodel;
		};
/* End XCVersionGroup section */
	};
	rootObject = 75C905682B96F04300F24353 /* Project object */;
}
